// !$*UTF8*$!
{
	archiveVersion = 1;
	classes = {
	};
	objectVersion = 46;
	objects = {

/* Begin PBXBuildFile section */
		873398BF1B84D0D0000DB8B2 /* AppDelegate.swift in Sources */ = {isa = PBXBuildFile; fileRef = 873398BE1B84D0D0000DB8B2 /* AppDelegate.swift */; };
		873398C21B84D0D0000DB8B2 /* RLSRippleCell.xcdatamodeld in Sources */ = {isa = PBXBuildFile; fileRef = 873398C01B84D0D0000DB8B2 /* RLSRippleCell.xcdatamodeld */; };
		873398C41B84D0D0000DB8B2 /* ViewController.swift in Sources */ = {isa = PBXBuildFile; fileRef = 873398C31B84D0D0000DB8B2 /* ViewController.swift */; };
		873398C71B84D0D0000DB8B2 /* Main.storyboard in Resources */ = {isa = PBXBuildFile; fileRef = 873398C51B84D0D0000DB8B2 /* Main.storyboard */; };
		873398C91B84D0D0000DB8B2 /* Images.xcassets in Resources */ = {isa = PBXBuildFile; fileRef = 873398C81B84D0D0000DB8B2 /* Images.xcassets */; };
		873398CC1B84D0D0000DB8B2 /* LaunchScreen.xib in Resources */ = {isa = PBXBuildFile; fileRef = 873398CA1B84D0D0000DB8B2 /* LaunchScreen.xib */; };
		873398D81B84D0D1000DB8B2 /* RLSRippleCellTests.swift in Sources */ = {isa = PBXBuildFile; fileRef = 873398D71B84D0D1000DB8B2 /* RLSRippleCellTests.swift */; };
		873398E41B84D143000DB8B2 /* RLSRippleCell.swift in Sources */ = {isa = PBXBuildFile; fileRef = 873398E31B84D143000DB8B2 /* RLSRippleCell.swift */; };
/* End PBXBuildFile section */

/* Begin PBXContainerItemProxy section */
		873398D21B84D0D1000DB8B2 /* PBXContainerItemProxy */ = {
			isa = PBXContainerItemProxy;
			containerPortal = 873398B11B84D0D0000DB8B2 /* Project object */;
			proxyType = 1;
			remoteGlobalIDString = 873398B81B84D0D0000DB8B2;
			remoteInfo = RLSRippleCell;
		};
/* End PBXContainerItemProxy section */

/* Begin PBXFileReference section */
		873398B91B84D0D0000DB8B2 /* RLSRippleCell.app */ = {isa = PBXFileReference; explicitFileType = wrapper.application; includeInIndex = 0; path = RLSRippleCell.app; sourceTree = BUILT_PRODUCTS_DIR; };
		873398BD1B84D0D0000DB8B2 /* Info.plist */ = {isa = PBXFileReference; lastKnownFileType = text.plist.xml; path = Info.plist; sourceTree = "<group>"; };
		873398BE1B84D0D0000DB8B2 /* AppDelegate.swift */ = {isa = PBXFileReference; lastKnownFileType = sourcecode.swift; path = AppDelegate.swift; sourceTree = "<group>"; };
		873398C11B84D0D0000DB8B2 /* RLSRippleCell.xcdatamodel */ = {isa = PBXFileReference; lastKnownFileType = wrapper.xcdatamodel; path = RLSRippleCell.xcdatamodel; sourceTree = "<group>"; };
		873398C31B84D0D0000DB8B2 /* ViewController.swift */ = {isa = PBXFileReference; lastKnownFileType = sourcecode.swift; path = ViewController.swift; sourceTree = "<group>"; };
		873398C61B84D0D0000DB8B2 /* Base */ = {isa = PBXFileReference; lastKnownFileType = file.storyboard; name = Base; path = Base.lproj/Main.storyboard; sourceTree = "<group>"; };
		873398C81B84D0D0000DB8B2 /* Images.xcassets */ = {isa = PBXFileReference; lastKnownFileType = folder.assetcatalog; path = Images.xcassets; sourceTree = "<group>"; };
		873398CB1B84D0D0000DB8B2 /* Base */ = {isa = PBXFileReference; lastKnownFileType = file.xib; name = Base; path = Base.lproj/LaunchScreen.xib; sourceTree = "<group>"; };
		873398D11B84D0D1000DB8B2 /* RLSRippleCellTests.xctest */ = {isa = PBXFileReference; explicitFileType = wrapper.cfbundle; includeInIndex = 0; path = RLSRippleCellTests.xctest; sourceTree = BUILT_PRODUCTS_DIR; };
		873398D61B84D0D1000DB8B2 /* Info.plist */ = {isa = PBXFileReference; lastKnownFileType = text.plist.xml; path = Info.plist; sourceTree = "<group>"; };
		873398D71B84D0D1000DB8B2 /* RLSRippleCellTests.swift */ = {isa = PBXFileReference; lastKnownFileType = sourcecode.swift; path = RLSRippleCellTests.swift; sourceTree = "<group>"; };
		873398E31B84D143000DB8B2 /* RLSRippleCell.swift */ = {isa = PBXFileReference; fileEncoding = 4; lastKnownFileType = sourcecode.swift; path = RLSRippleCell.swift; sourceTree = "<group>"; };
/* End PBXFileReference section */

/* Begin PBXFrameworksBuildPhase section */
		873398B61B84D0D0000DB8B2 /* Frameworks */ = {
			isa = PBXFrameworksBuildPhase;
			buildActionMask = 2147483647;
			files = (
			);
			runOnlyForDeploymentPostprocessing = 0;
		};
		873398CE1B84D0D1000DB8B2 /* Frameworks */ = {
			isa = PBXFrameworksBuildPhase;
			buildActionMask = 2147483647;
			files = (
			);
			runOnlyForDeploymentPostprocessing = 0;
		};
/* End PBXFrameworksBuildPhase section */

/* Begin PBXGroup section */
		873398B01B84D0D0000DB8B2 = {
			isa = PBXGroup;
			children = (
				873398BB1B84D0D0000DB8B2 /* RLSRippleCell */,
				873398D41B84D0D1000DB8B2 /* RLSRippleCellTests */,
				873398BA1B84D0D0000DB8B2 /* Products */,
			);
			sourceTree = "<group>";
		};
		873398BA1B84D0D0000DB8B2 /* Products */ = {
			isa = PBXGroup;
			children = (
				873398B91B84D0D0000DB8B2 /* RLSRippleCell.app */,
				873398D11B84D0D1000DB8B2 /* RLSRippleCellTests.xctest */,
			);
			name = Products;
			sourceTree = "<group>";
		};
		873398BB1B84D0D0000DB8B2 /* RLSRippleCell */ = {
			isa = PBXGroup;
			children = (
				873398BE1B84D0D0000DB8B2 /* AppDelegate.swift */,
				873398C31B84D0D0000DB8B2 /* ViewController.swift */,
				873398E31B84D143000DB8B2 /* RLSRippleCell.swift */,
				873398C51B84D0D0000DB8B2 /* Main.storyboard */,
				873398C81B84D0D0000DB8B2 /* Images.xcassets */,
				873398CA1B84D0D0000DB8B2 /* LaunchScreen.xib */,
				873398C01B84D0D0000DB8B2 /* RLSRippleCell.xcdatamodeld */,
				873398BC1B84D0D0000DB8B2 /* Supporting Files */,
			);
			path = RLSRippleCell;
			sourceTree = "<group>";
		};
		873398BC1B84D0D0000DB8B2 /* Supporting Files */ = {
			isa = PBXGroup;
			children = (
				873398BD1B84D0D0000DB8B2 /* Info.plist */,
			);
			name = "Supporting Files";
			sourceTree = "<group>";
		};
		873398D41B84D0D1000DB8B2 /* RLSRippleCellTests */ = {
			isa = PBXGroup;
			children = (
				873398D71B84D0D1000DB8B2 /* RLSRippleCellTests.swift */,
				873398D51B84D0D1000DB8B2 /* Supporting Files */,
			);
			path = RLSRippleCellTests;
			sourceTree = "<group>";
		};
		873398D51B84D0D1000DB8B2 /* Supporting Files */ = {
			isa = PBXGroup;
			children = (
				873398D61B84D0D1000DB8B2 /* Info.plist */,
			);
			name = "Supporting Files";
			sourceTree = "<group>";
		};
/* End PBXGroup section */

/* Begin PBXNativeTarget section */
		873398B81B84D0D0000DB8B2 /* RLSRippleCell */ = {
			isa = PBXNativeTarget;
			buildConfigurationList = 873398DB1B84D0D1000DB8B2 /* Build configuration list for PBXNativeTarget "RLSRippleCell" */;
			buildPhases = (
				873398B51B84D0D0000DB8B2 /* Sources */,
				873398B61B84D0D0000DB8B2 /* Frameworks */,
				873398B71B84D0D0000DB8B2 /* Resources */,
			);
			buildRules = (
			);
			dependencies = (
			);
			name = RLSRippleCell;
			productName = RLSRippleCell;
			productReference = 873398B91B84D0D0000DB8B2 /* RLSRippleCell.app */;
			productType = "com.apple.product-type.application";
		};
		873398D01B84D0D1000DB8B2 /* RLSRippleCellTests */ = {
			isa = PBXNativeTarget;
			buildConfigurationList = 873398DE1B84D0D1000DB8B2 /* Build configuration list for PBXNativeTarget "RLSRippleCellTests" */;
			buildPhases = (
				873398CD1B84D0D1000DB8B2 /* Sources */,
				873398CE1B84D0D1000DB8B2 /* Frameworks */,
				873398CF1B84D0D1000DB8B2 /* Resources */,
			);
			buildRules = (
			);
			dependencies = (
				873398D31B84D0D1000DB8B2 /* PBXTargetDependency */,
			);
			name = RLSRippleCellTests;
			productName = RLSRippleCellTests;
			productReference = 873398D11B84D0D1000DB8B2 /* RLSRippleCellTests.xctest */;
			productType = "com.apple.product-type.bundle.unit-test";
		};
/* End PBXNativeTarget section */

/* Begin PBXProject section */
		873398B11B84D0D0000DB8B2 /* Project object */ = {
			isa = PBXProject;
			attributes = {
				LastUpgradeCheck = 0640;
				ORGANIZATIONNAME = nari;
				TargetAttributes = {
					873398B81B84D0D0000DB8B2 = {
						CreatedOnToolsVersion = 6.4;
					};
					873398D01B84D0D1000DB8B2 = {
						CreatedOnToolsVersion = 6.4;
						TestTargetID = 873398B81B84D0D0000DB8B2;
					};
				};
			};
			buildConfigurationList = 873398B41B84D0D0000DB8B2 /* Build configuration list for PBXProject "RLSRippleCell" */;
			compatibilityVersion = "Xcode 3.2";
			developmentRegion = English;
			hasScannedForEncodings = 0;
			knownRegions = (
				en,
				Base,
			);
			mainGroup = 873398B01B84D0D0000DB8B2;
			productRefGroup = 873398BA1B84D0D0000DB8B2 /* Products */;
			projectDirPath = "";
			projectRoot = "";
			targets = (
				873398B81B84D0D0000DB8B2 /* RLSRippleCell */,
				873398D01B84D0D1000DB8B2 /* RLSRippleCellTests */,
			);
		};
/* End PBXProject section */

/* Begin PBXResourcesBuildPhase section */
		873398B71B84D0D0000DB8B2 /* Resources */ = {
			isa = PBXResourcesBuildPhase;
			buildActionMask = 2147483647;
			files = (
				873398C71B84D0D0000DB8B2 /* Main.storyboard in Resources */,
				873398CC1B84D0D0000DB8B2 /* LaunchScreen.xib in Resources */,
				873398C91B84D0D0000DB8B2 /* Images.xcassets in Resources */,
			);
			runOnlyForDeploymentPostprocessing = 0;
		};
		873398CF1B84D0D1000DB8B2 /* Resources */ = {
			isa = PBXResourcesBuildPhase;
			buildActionMask = 2147483647;
			files = (
			);
			runOnlyForDeploymentPostprocessing = 0;
		};
/* End PBXResourcesBuildPhase section */

/* Begin PBXSourcesBuildPhase section */
		873398B51B84D0D0000DB8B2 /* Sources */ = {
			isa = PBXSourcesBuildPhase;
			buildActionMask = 2147483647;
			files = (
				873398C41B84D0D0000DB8B2 /* ViewController.swift in Sources */,
				873398BF1B84D0D0000DB8B2 /* AppDelegate.swift in Sources */,
				873398C21B84D0D0000DB8B2 /* RLSRippleCell.xcdatamodeld in Sources */,
				873398E41B84D143000DB8B2 /* RLSRippleCell.swift in Sources */,
			);
			runOnlyForDeploymentPostprocessing = 0;
		};
		873398CD1B84D0D1000DB8B2 /* Sources */ = {
			isa = PBXSourcesBuildPhase;
			buildActionMask = 2147483647;
			files = (
				873398D81B84D0D1000DB8B2 /* RLSRippleCellTests.swift in Sources */,
			);
			runOnlyForDeploymentPostprocessing = 0;
		};
/* End PBXSourcesBuildPhase section */

/* Begin PBXTargetDependency section */
		873398D31B84D0D1000DB8B2 /* PBXTargetDependency */ = {
			isa = PBXTargetDependency;
			target = 873398B81B84D0D0000DB8B2 /* RLSRippleCell */;
			targetProxy = 873398D21B84D0D1000DB8B2 /* PBXContainerItemProxy */;
		};
/* End PBXTargetDependency section */

/* Begin PBXVariantGroup section */
		873398C51B84D0D0000DB8B2 /* Main.storyboard */ = {
			isa = PBXVariantGroup;
			children = (
				873398C61B84D0D0000DB8B2 /* Base */,
			);
			name = Main.storyboard;
			sourceTree = "<group>";
		};
		873398CA1B84D0D0000DB8B2 /* LaunchScreen.xib */ = {
			isa = PBXVariantGroup;
			children = (
				873398CB1B84D0D0000DB8B2 /* Base */,
			);
			name = LaunchScreen.xib;
			sourceTree = "<group>";
		};
/* End PBXVariantGroup section */

/* Begin XCBuildConfiguration section */
		873398D91B84D0D1000DB8B2 /* Debug */ = {
			isa = XCBuildConfiguration;
			buildSettings = {
				ALWAYS_SEARCH_USER_PATHS = NO;
				CLANG_CXX_LANGUAGE_STANDARD = "gnu++0x";
				CLANG_CXX_LIBRARY = "libc++";
				CLANG_ENABLE_MODULES = YES;
				CLANG_ENABLE_OBJC_ARC = YES;
				CLANG_WARN_BOOL_CONVERSION = YES;
				CLANG_WARN_CONSTANT_CONVERSION = YES;
				CLANG_WARN_DIRECT_OBJC_ISA_USAGE = YES_ERROR;
				CLANG_WARN_EMPTY_BODY = YES;
				CLANG_WARN_ENUM_CONVERSION = YES;
				CLANG_WARN_INT_CONVERSION = YES;
				CLANG_WARN_OBJC_ROOT_CLASS = YES_ERROR;
				CLANG_WARN_UNREACHABLE_CODE = YES;
				CLANG_WARN__DUPLICATE_METHOD_MATCH = YES;
				"CODE_SIGN_IDENTITY[sdk=iphoneos*]" = "iPhone Developer";
				COPY_PHASE_STRIP = NO;
				DEBUG_INFORMATION_FORMAT = "dwarf-with-dsym";
				ENABLE_STRICT_OBJC_MSGSEND = YES;
				GCC_C_LANGUAGE_STANDARD = gnu99;
				GCC_DYNAMIC_NO_PIC = NO;
				GCC_NO_COMMON_BLOCKS = YES;
				GCC_OPTIMIZATION_LEVEL = 0;
				GCC_PREPROCESSOR_DEFINITIONS = (
					"DEBUG=1",
					"$(inherited)",
				);
				GCC_SYMBOLS_PRIVATE_EXTERN = NO;
				GCC_WARN_64_TO_32_BIT_CONVERSION = YES;
				GCC_WARN_ABOUT_RETURN_TYPE = YES_ERROR;
				GCC_WARN_UNDECLARED_SELECTOR = YES;
				GCC_WARN_UNINITIALIZED_AUTOS = YES_AGGRESSIVE;
				GCC_WARN_UNUSED_FUNCTION = YES;
				GCC_WARN_UNUSED_VARIABLE = YES;
				IPHONEOS_DEPLOYMENT_TARGET = 8.4;
				MTL_ENABLE_DEBUG_INFO = YES;
				ONLY_ACTIVE_ARCH = YES;
				SDKROOT = iphoneos;
				SWIFT_OPTIMIZATION_LEVEL = "-Onone";
			};
			name = Debug;
		};
		873398DA1B84D0D1000DB8B2 /* Release */ = {
			isa = XCBuildConfiguration;
			buildSettings = {
				ALWAYS_SEARCH_USER_PATHS = NO;
				CLANG_CXX_LANGUAGE_STANDARD = "gnu++0x";
				CLANG_CXX_LIBRARY = "libc++";
				CLANG_ENABLE_MODULES = YES;
				CLANG_ENABLE_OBJC_ARC = YES;
				CLANG_WARN_BOOL_CONVERSION = YES;
				CLANG_WARN_CONSTANT_CONVERSION = YES;
				CLANG_WARN_DIRECT_OBJC_ISA_USAGE = YES_ERROR;
				CLANG_WARN_EMPTY_BODY = YES;
				CLANG_WARN_ENUM_CONVERSION = YES;
				CLANG_WARN_INT_CONVERSION = YES;
				CLANG_WARN_OBJC_ROOT_CLASS = YES_ERROR;
				CLANG_WARN_UNREACHABLE_CODE = YES;
				CLANG_WARN__DUPLICATE_METHOD_MATCH = YES;
				"CODE_SIGN_IDENTITY[sdk=iphoneos*]" = "iPhone Developer";
				COPY_PHASE_STRIP = NO;
				DEBUG_INFORMATION_FORMAT = "dwarf-with-dsym";
				ENABLE_NS_ASSERTIONS = NO;
				ENABLE_STRICT_OBJC_MSGSEND = YES;
				GCC_C_LANGUAGE_STANDARD = gnu99;
				GCC_NO_COMMON_BLOCKS = YES;
				GCC_WARN_64_TO_32_BIT_CONVERSION = YES;
				GCC_WARN_ABOUT_RETURN_TYPE = YES_ERROR;
				GCC_WARN_UNDECLARED_SELECTOR = YES;
				GCC_WARN_UNINITIALIZED_AUTOS = YES_AGGRESSIVE;
				GCC_WARN_UNUSED_FUNCTION = YES;
				GCC_WARN_UNUSED_VARIABLE = YES;
				IPHONEOS_DEPLOYMENT_TARGET = 8.4;
				MTL_ENABLE_DEBUG_INFO = NO;
				SDKROOT = iphoneos;
				VALIDATE_PRODUCT = YES;
			};
			name = Release;
		};
		873398DC1B84D0D1000DB8B2 /* Debug */ = {
			isa = XCBuildConfiguration;
			buildSettings = {
				ASSETCATALOG_COMPILER_APPICON_NAME = AppIcon;
				INFOPLIST_FILE = RLSRippleCell/Info.plist;
				LD_RUNPATH_SEARCH_PATHS = "$(inherited) @executable_path/Frameworks";
				PRODUCT_NAME = "$(TARGET_NAME)";
			};
			name = Debug;
		};
		873398DD1B84D0D1000DB8B2 /* Release */ = {
			isa = XCBuildConfiguration;
			buildSettings = {
				ASSETCATALOG_COMPILER_APPICON_NAME = AppIcon;
				INFOPLIST_FILE = RLSRippleCell/Info.plist;
				LD_RUNPATH_SEARCH_PATHS = "$(inherited) @executable_path/Frameworks";
				PRODUCT_NAME = "$(TARGET_NAME)";
			};
			name = Release;
		};
		873398DF1B84D0D1000DB8B2 /* Debug */ = {
			isa = XCBuildConfiguration;
			buildSettings = {
				BUNDLE_LOADER = "$(TEST_HOST)";
				FRAMEWORK_SEARCH_PATHS = (
					"$(SDKROOT)/Developer/Library/Frameworks",
					"$(inherited)",
				);
				GCC_PREPROCESSOR_DEFINITIONS = (
					"DEBUG=1",
					"$(inherited)",
				);
				INFOPLIST_FILE = RLSRippleCellTests/Info.plist;
				LD_RUNPATH_SEARCH_PATHS = "$(inherited) @executable_path/Frameworks @loader_path/Frameworks";
				PRODUCT_NAME = "$(TARGET_NAME)";
				TEST_HOST = "$(BUILT_PRODUCTS_DIR)/RLSRippleCell.app/RLSRippleCell";
			};
			name = Debug;
		};
		873398E01B84D0D1000DB8B2 /* Release */ = {
			isa = XCBuildConfiguration;
			buildSettings = {
				BUNDLE_LOADER = "$(TEST_HOST)";
				FRAMEWORK_SEARCH_PATHS = (
					"$(SDKROOT)/Developer/Library/Frameworks",
					"$(inherited)",
				);
				INFOPLIST_FILE = RLSRippleCellTests/Info.plist;
				LD_RUNPATH_SEARCH_PATHS = "$(inherited) @executable_path/Frameworks @loader_path/Frameworks";
				PRODUCT_NAME = "$(TARGET_NAME)";
				TEST_HOST = "$(BUILT_PRODUCTS_DIR)/RLSRippleCell.app/RLSRippleCell";
			};
			name = Release;
		};
/* End XCBuildConfiguration section */

/* Begin XCConfigurationList section */
		873398B41B84D0D0000DB8B2 /* Build configuration list for PBXProject "RLSRippleCell" */ = {
			isa = XCConfigurationList;
			buildConfigurations = (
				873398D91B84D0D1000DB8B2 /* Debug */,
				873398DA1B84D0D1000DB8B2 /* Release */,
			);
			defaultConfigurationIsVisible = 0;
			defaultConfigurationName = Release;
		};
		873398DB1B84D0D1000DB8B2 /* Build configuration list for PBXNativeTarget "RLSRippleCell" */ = {
			isa = XCConfigurationList;
			buildConfigurations = (
				873398DC1B84D0D1000DB8B2 /* Debug */,
				873398DD1B84D0D1000DB8B2 /* Release */,
			);
			defaultConfigurationIsVisible = 0;
		};
		873398DE1B84D0D1000DB8B2 /* Build configuration list for PBXNativeTarget "RLSRippleCellTests" */ = {
			isa = XCConfigurationList;
			buildConfigurations = (
				873398DF1B84D0D1000DB8B2 /* Debug */,
				873398E01B84D0D1000DB8B2 /* Release */,
			);
			defaultConfigurationIsVisible = 0;
		};
/* End XCConfigurationList section */

/* Begin XCVersionGroup section */
		873398C01B84D0D0000DB8B2 /* RLSRippleCell.xcdatamodeld */ = {
			isa = XCVersionGroup;
			children = (
				873398C11B84D0D0000DB8B2 /* RLSRippleCell.xcdatamodel */,
			);
			currentVersion = 873398C11B84D0D0000DB8B2 /* RLSRippleCell.xcdatamodel */;
			path = RLSRippleCell.xcdatamodeld;
			sourceTree = "<group>";
			versionGroupType = wrapper.xcdatamodel;
		};
/* End XCVersionGroup section */
	};
	rootObject = 873398B11B84D0D0000DB8B2 /* Project object */;
}
