// !$*UTF8*$!
{
	archiveVersion = 1;
	classes = {
	};
	objectVersion = 46;
	objects = {

/* Begin PBXBuildFile section */
		4DBB0E741B40FA380036B665 /* AppDelegate.swift in Sources */ = {isa = PBXBuildFile; fileRef = 4DBB0E731B40FA380036B665 /* AppDelegate.swift */; };
		4DBB0E761B40FA380036B665 /* ViewController.swift in Sources */ = {isa = PBXBuildFile; fileRef = 4DBB0E751B40FA380036B665 /* ViewController.swift */; };
		4DBB0E791B40FA380036B665 /* Main.storyboard in Resources */ = {isa = PBXBuildFile; fileRef = 4DBB0E771B40FA380036B665 /* Main.storyboard */; };
		4DBB0E7B1B40FA380036B665 /* Images.xcassets in Resources */ = {isa = PBXBuildFile; fileRef = 4DBB0E7A1B40FA380036B665 /* Images.xcassets */; };
		4DBB0E7E1B40FA380036B665 /* LaunchScreen.xib in Resources */ = {isa = PBXBuildFile; fileRef = 4DBB0E7C1B40FA380036B665 /* LaunchScreen.xib */; };
		4DBB0E8A1B40FA380036B665 /* RLSFlowerCellTests.swift in Sources */ = {isa = PBXBuildFile; fileRef = 4DBB0E891B40FA380036B665 /* RLSFlowerCellTests.swift */; };
		4DBB0E941B40FF4D0036B665 /* RLSRippleCell.swift in Sources */ = {isa = PBXBuildFile; fileRef = 4DBB0E931B40FF4D0036B665 /* RLSRippleCell.swift */; };
/* End PBXBuildFile section */

/* Begin PBXContainerItemProxy section */
		4DBB0E841B40FA380036B665 /* PBXContainerItemProxy */ = {
			isa = PBXContainerItemProxy;
			containerPortal = 4DBB0E661B40FA380036B665 /* Project object */;
			proxyType = 1;
			remoteGlobalIDString = 4DBB0E6D1B40FA380036B665;
			remoteInfo = RLSFlowerCell;
		};
/* End PBXContainerItemProxy section */

/* Begin PBXFileReference section */
		4DBB0E6E1B40FA380036B665 /* RLSFlowerCell.app */ = {isa = PBXFileReference; explicitFileType = wrapper.application; includeInIndex = 0; path = RLSFlowerCell.app; sourceTree = BUILT_PRODUCTS_DIR; };
		4DBB0E721B40FA380036B665 /* Info.plist */ = {isa = PBXFileReference; lastKnownFileType = text.plist.xml; path = Info.plist; sourceTree = "<group>"; };
		4DBB0E731B40FA380036B665 /* AppDelegate.swift */ = {isa = PBXFileReference; lastKnownFileType = sourcecode.swift; path = AppDelegate.swift; sourceTree = "<group>"; };
		4DBB0E751B40FA380036B665 /* ViewController.swift */ = {isa = PBXFileReference; lastKnownFileType = sourcecode.swift; path = ViewController.swift; sourceTree = "<group>"; };
		4DBB0E781B40FA380036B665 /* Base */ = {isa = PBXFileReference; lastKnownFileType = file.storyboard; name = Base; path = Base.lproj/Main.storyboard; sourceTree = "<group>"; };
		4DBB0E7A1B40FA380036B665 /* Images.xcassets */ = {isa = PBXFileReference; lastKnownFileType = folder.assetcatalog; path = Images.xcassets; sourceTree = "<group>"; };
		4DBB0E7D1B40FA380036B665 /* Base */ = {isa = PBXFileReference; lastKnownFileType = file.xib; name = Base; path = Base.lproj/LaunchScreen.xib; sourceTree = "<group>"; };
		4DBB0E831B40FA380036B665 /* RLSFlowerCellTests.xctest */ = {isa = PBXFileReference; explicitFileType = wrapper.cfbundle; includeInIndex = 0; path = RLSFlowerCellTests.xctest; sourceTree = BUILT_PRODUCTS_DIR; };
		4DBB0E881B40FA380036B665 /* Info.plist */ = {isa = PBXFileReference; lastKnownFileType = text.plist.xml; path = Info.plist; sourceTree = "<group>"; };
		4DBB0E891B40FA380036B665 /* RLSFlowerCellTests.swift */ = {isa = PBXFileReference; lastKnownFileType = sourcecode.swift; path = RLSFlowerCellTests.swift; sourceTree = "<group>"; };
		4DBB0E931B40FF4D0036B665 /* RLSRippleCell.swift */ = {isa = PBXFileReference; fileEncoding = 4; lastKnownFileType = sourcecode.swift; path = RLSRippleCell.swift; sourceTree = "<group>"; };
/* End PBXFileReference section */

/* Begin PBXFrameworksBuildPhase section */
		4DBB0E6B1B40FA380036B665 /* Frameworks */ = {
			isa = PBXFrameworksBuildPhase;
			buildActionMask = 2147483647;
			files = (
			);
			runOnlyForDeploymentPostprocessing = 0;
		};
		4DBB0E801B40FA380036B665 /* Frameworks */ = {
			isa = PBXFrameworksBuildPhase;
			buildActionMask = 2147483647;
			files = (
			);
			runOnlyForDeploymentPostprocessing = 0;
		};
/* End PBXFrameworksBuildPhase section */

/* Begin PBXGroup section */
		4DBB0E651B40FA380036B665 = {
			isa = PBXGroup;
			children = (
				4DBB0E701B40FA380036B665 /* RLSFlowerCell */,
				4DBB0E861B40FA380036B665 /* RLSFlowerCellTests */,
				4DBB0E6F1B40FA380036B665 /* Products */,
			);
			sourceTree = "<group>";
		};
		4DBB0E6F1B40FA380036B665 /* Products */ = {
			isa = PBXGroup;
			children = (
				4DBB0E6E1B40FA380036B665 /* RLSFlowerCell.app */,
				4DBB0E831B40FA380036B665 /* RLSFlowerCellTests.xctest */,
			);
			name = Products;
			sourceTree = "<group>";
		};
		4DBB0E701B40FA380036B665 /* RLSFlowerCell */ = {
			isa = PBXGroup;
			children = (
				4DBB0E731B40FA380036B665 /* AppDelegate.swift */,
				4DBB0E751B40FA380036B665 /* ViewController.swift */,
				4DBB0E931B40FF4D0036B665 /* RLSRippleCell.swift */,
				4DBB0E771B40FA380036B665 /* Main.storyboard */,
				4DBB0E7A1B40FA380036B665 /* Images.xcassets */,
				4DBB0E7C1B40FA380036B665 /* LaunchScreen.xib */,
				4DBB0E711B40FA380036B665 /* Supporting Files */,
			);
			path = RLSFlowerCell;
			sourceTree = "<group>";
		};
		4DBB0E711B40FA380036B665 /* Supporting Files */ = {
			isa = PBXGroup;
			children = (
				4DBB0E721B40FA380036B665 /* Info.plist */,
			);
			name = "Supporting Files";
			sourceTree = "<group>";
		};
		4DBB0E861B40FA380036B665 /* RLSFlowerCellTests */ = {
			isa = PBXGroup;
			children = (
				4DBB0E891B40FA380036B665 /* RLSFlowerCellTests.swift */,
				4DBB0E871B40FA380036B665 /* Supporting Files */,
			);
			path = RLSFlowerCellTests;
			sourceTree = "<group>";
		};
		4DBB0E871B40FA380036B665 /* Supporting Files */ = {
			isa = PBXGroup;
			children = (
				4DBB0E881B40FA380036B665 /* Info.plist */,
			);
			name = "Supporting Files";
			sourceTree = "<group>";
		};
/* End PBXGroup section */

/* Begin PBXNativeTarget section */
		4DBB0E6D1B40FA380036B665 /* RLSFlowerCell */ = {
			isa = PBXNativeTarget;
			buildConfigurationList = 4DBB0E8D1B40FA380036B665 /* Build configuration list for PBXNativeTarget "RLSFlowerCell" */;
			buildPhases = (
				4DBB0E6A1B40FA380036B665 /* Sources */,
				4DBB0E6B1B40FA380036B665 /* Frameworks */,
				4DBB0E6C1B40FA380036B665 /* Resources */,
			);
			buildRules = (
			);
			dependencies = (
			);
			name = RLSFlowerCell;
			productName = RLSFlowerCell;
			productReference = 4DBB0E6E1B40FA380036B665 /* RLSFlowerCell.app */;
			productType = "com.apple.product-type.application";
		};
		4DBB0E821B40FA380036B665 /* RLSFlowerCellTests */ = {
			isa = PBXNativeTarget;
			buildConfigurationList = 4DBB0E901B40FA380036B665 /* Build configuration list for PBXNativeTarget "RLSFlowerCellTests" */;
			buildPhases = (
				4DBB0E7F1B40FA380036B665 /* Sources */,
				4DBB0E801B40FA380036B665 /* Frameworks */,
				4DBB0E811B40FA380036B665 /* Resources */,
			);
			buildRules = (
			);
			dependencies = (
				4DBB0E851B40FA380036B665 /* PBXTargetDependency */,
			);
			name = RLSFlowerCellTests;
			productName = RLSFlowerCellTests;
			productReference = 4DBB0E831B40FA380036B665 /* RLSFlowerCellTests.xctest */;
			productType = "com.apple.product-type.bundle.unit-test";
		};
/* End PBXNativeTarget section */

/* Begin PBXProject section */
		4DBB0E661B40FA380036B665 /* Project object */ = {
			isa = PBXProject;
			attributes = {
				LastUpgradeCheck = 0630;
				ORGANIZATIONNAME = Nari;
				TargetAttributes = {
					4DBB0E6D1B40FA380036B665 = {
						CreatedOnToolsVersion = 6.3.2;
					};
					4DBB0E821B40FA380036B665 = {
						CreatedOnToolsVersion = 6.3.2;
						TestTargetID = 4DBB0E6D1B40FA380036B665;
					};
				};
			};
			buildConfigurationList = 4DBB0E691B40FA380036B665 /* Build configuration list for PBXProject "RLSFlowerCell" */;
			compatibilityVersion = "Xcode 3.2";
			developmentRegion = English;
			hasScannedForEncodings = 0;
			knownRegions = (
				en,
				Base,
			);
			mainGroup = 4DBB0E651B40FA380036B665;
			productRefGroup = 4DBB0E6F1B40FA380036B665 /* Products */;
			projectDirPath = "";
			projectRoot = "";
			targets = (
				4DBB0E6D1B40FA380036B665 /* RLSFlowerCell */,
				4DBB0E821B40FA380036B665 /* RLSFlowerCellTests */,
			);
		};
/* End PBXProject section */

/* Begin PBXResourcesBuildPhase section */
		4DBB0E6C1B40FA380036B665 /* Resources */ = {
			isa = PBXResourcesBuildPhase;
			buildActionMask = 2147483647;
			files = (
				4DBB0E791B40FA380036B665 /* Main.storyboard in Resources */,
				4DBB0E7E1B40FA380036B665 /* LaunchScreen.xib in Resources */,
				4DBB0E7B1B40FA380036B665 /* Images.xcassets in Resources */,
			);
			runOnlyForDeploymentPostprocessing = 0;
		};
		4DBB0E811B40FA380036B665 /* Resources */ = {
			isa = PBXResourcesBuildPhase;
			buildActionMask = 2147483647;
			files = (
			);
			runOnlyForDeploymentPostprocessing = 0;
		};
/* End PBXResourcesBuildPhase section */

/* Begin PBXSourcesBuildPhase section */
		4DBB0E6A1B40FA380036B665 /* Sources */ = {
			isa = PBXSourcesBuildPhase;
			buildActionMask = 2147483647;
			files = (
				4DBB0E941B40FF4D0036B665 /* RLSRippleCell.swift in Sources */,
				4DBB0E761B40FA380036B665 /* ViewController.swift in Sources */,
				4DBB0E741B40FA380036B665 /* AppDelegate.swift in Sources */,
			);
			runOnlyForDeploymentPostprocessing = 0;
		};
		4DBB0E7F1B40FA380036B665 /* Sources */ = {
			isa = PBXSourcesBuildPhase;
			buildActionMask = 2147483647;
			files = (
				4DBB0E8A1B40FA380036B665 /* RLSFlowerCellTests.swift in Sources */,
			);
			runOnlyForDeploymentPostprocessing = 0;
		};
/* End PBXSourcesBuildPhase section */

/* Begin PBXTargetDependency section */
		4DBB0E851B40FA380036B665 /* PBXTargetDependency */ = {
			isa = PBXTargetDependency;
			target = 4DBB0E6D1B40FA380036B665 /* RLSFlowerCell */;
			targetProxy = 4DBB0E841B40FA380036B665 /* PBXContainerItemProxy */;
		};
/* End PBXTargetDependency section */

/* Begin PBXVariantGroup section */
		4DBB0E771B40FA380036B665 /* Main.storyboard */ = {
			isa = PBXVariantGroup;
			children = (
				4DBB0E781B40FA380036B665 /* Base */,
			);
			name = Main.storyboard;
			sourceTree = "<group>";
		};
		4DBB0E7C1B40FA380036B665 /* LaunchScreen.xib */ = {
			isa = PBXVariantGroup;
			children = (
				4DBB0E7D1B40FA380036B665 /* Base */,
			);
			name = LaunchScreen.xib;
			sourceTree = "<group>";
		};
/* End PBXVariantGroup section */

/* Begin XCBuildConfiguration section */
		4DBB0E8B1B40FA380036B665 /* Debug */ = {
			isa = XCBuildConfiguration;
			buildSettings = {
				ALWAYS_SEARCH_USER_PATHS = NO;
				CLANG_CXX_LANGUAGE_STANDARD = "gnu++0x";
				CLANG_CXX_LIBRARY = "libc++";
				CLANG_ENABLE_MODULES = YES;
				CLANG_ENABLE_OBJC_ARC = YES;
				CLANG_WARN_BOOL_CONVERSION = YES;
				CLANG_WARN_CONSTANT_CONVERSION = YES;
				CLANG_WARN_DIRECT_OBJC_ISA_USAGE = YES_ERROR;
				CLANG_WARN_EMPTY_BODY = YES;
				CLANG_WARN_ENUM_CONVERSION = YES;
				CLANG_WARN_INT_CONVERSION = YES;
				CLANG_WARN_OBJC_ROOT_CLASS = YES_ERROR;
				CLANG_WARN_UNREACHABLE_CODE = YES;
				CLANG_WARN__DUPLICATE_METHOD_MATCH = YES;
				"CODE_SIGN_IDENTITY[sdk=iphoneos*]" = "iPhone Developer";
				COPY_PHASE_STRIP = NO;
				DEBUG_INFORMATION_FORMAT = "dwarf-with-dsym";
				ENABLE_STRICT_OBJC_MSGSEND = YES;
				GCC_C_LANGUAGE_STANDARD = gnu99;
				GCC_DYNAMIC_NO_PIC = NO;
				GCC_NO_COMMON_BLOCKS = YES;
				GCC_OPTIMIZATION_LEVEL = 0;
				GCC_PREPROCESSOR_DEFINITIONS = (
					"DEBUG=1",
					"$(inherited)",
				);
				GCC_SYMBOLS_PRIVATE_EXTERN = NO;
				GCC_WARN_64_TO_32_BIT_CONVERSION = YES;
				GCC_WARN_ABOUT_RETURN_TYPE = YES_ERROR;
				GCC_WARN_UNDECLARED_SELECTOR = YES;
				GCC_WARN_UNINITIALIZED_AUTOS = YES_AGGRESSIVE;
				GCC_WARN_UNUSED_FUNCTION = YES;
				GCC_WARN_UNUSED_VARIABLE = YES;
				IPHONEOS_DEPLOYMENT_TARGET = 8.3;
				MTL_ENABLE_DEBUG_INFO = YES;
				ONLY_ACTIVE_ARCH = YES;
				SDKROOT = iphoneos;
				SWIFT_OPTIMIZATION_LEVEL = "-Onone";
			};
			name = Debug;
		};
		4DBB0E8C1B40FA380036B665 /* Release */ = {
			isa = XCBuildConfiguration;
			buildSettings = {
				ALWAYS_SEARCH_USER_PATHS = NO;
				CLANG_CXX_LANGUAGE_STANDARD = "gnu++0x";
				CLANG_CXX_LIBRARY = "libc++";
				CLANG_ENABLE_MODULES = YES;
				CLANG_ENABLE_OBJC_ARC = YES;
				CLANG_WARN_BOOL_CONVERSION = YES;
				CLANG_WARN_CONSTANT_CONVERSION = YES;
				CLANG_WARN_DIRECT_OBJC_ISA_USAGE = YES_ERROR;
				CLANG_WARN_EMPTY_BODY = YES;
				CLANG_WARN_ENUM_CONVERSION = YES;
				CLANG_WARN_INT_CONVERSION = YES;
				CLANG_WARN_OBJC_ROOT_CLASS = YES_ERROR;
				CLANG_WARN_UNREACHABLE_CODE = YES;
				CLANG_WARN__DUPLICATE_METHOD_MATCH = YES;
				"CODE_SIGN_IDENTITY[sdk=iphoneos*]" = "iPhone Developer";
				COPY_PHASE_STRIP = NO;
				DEBUG_INFORMATION_FORMAT = "dwarf-with-dsym";
				ENABLE_NS_ASSERTIONS = NO;
				ENABLE_STRICT_OBJC_MSGSEND = YES;
				GCC_C_LANGUAGE_STANDARD = gnu99;
				GCC_NO_COMMON_BLOCKS = YES;
				GCC_WARN_64_TO_32_BIT_CONVERSION = YES;
				GCC_WARN_ABOUT_RETURN_TYPE = YES_ERROR;
				GCC_WARN_UNDECLARED_SELECTOR = YES;
				GCC_WARN_UNINITIALIZED_AUTOS = YES_AGGRESSIVE;
				GCC_WARN_UNUSED_FUNCTION = YES;
				GCC_WARN_UNUSED_VARIABLE = YES;
				IPHONEOS_DEPLOYMENT_TARGET = 8.3;
				MTL_ENABLE_DEBUG_INFO = NO;
				SDKROOT = iphoneos;
				VALIDATE_PRODUCT = YES;
			};
			name = Release;
		};
		4DBB0E8E1B40FA380036B665 /* Debug */ = {
			isa = XCBuildConfiguration;
			buildSettings = {
				ASSETCATALOG_COMPILER_APPICON_NAME = AppIcon;
				INFOPLIST_FILE = RLSFlowerCell/Info.plist;
				LD_RUNPATH_SEARCH_PATHS = "$(inherited) @executable_path/Frameworks";
				PRODUCT_NAME = "$(TARGET_NAME)";
			};
			name = Debug;
		};
		4DBB0E8F1B40FA380036B665 /* Release */ = {
			isa = XCBuildConfiguration;
			buildSettings = {
				ASSETCATALOG_COMPILER_APPICON_NAME = AppIcon;
				INFOPLIST_FILE = RLSFlowerCell/Info.plist;
				LD_RUNPATH_SEARCH_PATHS = "$(inherited) @executable_path/Frameworks";
				PRODUCT_NAME = "$(TARGET_NAME)";
			};
			name = Release;
		};
		4DBB0E911B40FA380036B665 /* Debug */ = {
			isa = XCBuildConfiguration;
			buildSettings = {
				BUNDLE_LOADER = "$(TEST_HOST)";
				FRAMEWORK_SEARCH_PATHS = (
					"$(SDKROOT)/Developer/Library/Frameworks",
					"$(inherited)",
				);
				GCC_PREPROCESSOR_DEFINITIONS = (
					"DEBUG=1",
					"$(inherited)",
				);
				INFOPLIST_FILE = RLSFlowerCellTests/Info.plist;
				LD_RUNPATH_SEARCH_PATHS = "$(inherited) @executable_path/Frameworks @loader_path/Frameworks";
				PRODUCT_NAME = "$(TARGET_NAME)";
				TEST_HOST = "$(BUILT_PRODUCTS_DIR)/RLSFlowerCell.app/RLSFlowerCell";
			};
			name = Debug;
		};
		4DBB0E921B40FA380036B665 /* Release */ = {
			isa = XCBuildConfiguration;
			buildSettings = {
				BUNDLE_LOADER = "$(TEST_HOST)";
				FRAMEWORK_SEARCH_PATHS = (
					"$(SDKROOT)/Developer/Library/Frameworks",
					"$(inherited)",
				);
				INFOPLIST_FILE = RLSFlowerCellTests/Info.plist;
				LD_RUNPATH_SEARCH_PATHS = "$(inherited) @executable_path/Frameworks @loader_path/Frameworks";
				PRODUCT_NAME = "$(TARGET_NAME)";
				TEST_HOST = "$(BUILT_PRODUCTS_DIR)/RLSFlowerCell.app/RLSFlowerCell";
			};
			name = Release;
		};
/* End XCBuildConfiguration section */

/* Begin XCConfigurationList section */
		4DBB0E691B40FA380036B665 /* Build configuration list for PBXProject "RLSFlowerCell" */ = {
			isa = XCConfigurationList;
			buildConfigurations = (
				4DBB0E8B1B40FA380036B665 /* Debug */,
				4DBB0E8C1B40FA380036B665 /* Release */,
			);
			defaultConfigurationIsVisible = 0;
			defaultConfigurationName = Release;
		};
		4DBB0E8D1B40FA380036B665 /* Build configuration list for PBXNativeTarget "RLSFlowerCell" */ = {
			isa = XCConfigurationList;
			buildConfigurations = (
				4DBB0E8E1B40FA380036B665 /* Debug */,
				4DBB0E8F1B40FA380036B665 /* Release */,
			);
			defaultConfigurationIsVisible = 0;
			defaultConfigurationName = Release;
		};
		4DBB0E901B40FA380036B665 /* Build configuration list for PBXNativeTarget "RLSFlowerCellTests" */ = {
			isa = XCConfigurationList;
			buildConfigurations = (
				4DBB0E911B40FA380036B665 /* Debug */,
				4DBB0E921B40FA380036B665 /* Release */,
			);
			defaultConfigurationIsVisible = 0;
			defaultConfigurationName = Release;
		};
/* End XCConfigurationList section */
	};
	rootObject = 4DBB0E661B40FA380036B665 /* Project object */;
}
